
Microsoft Visual Studio Solution File, Format Version 12.00
# Visual Studio Version 17
VisualStudioVersion = 17.11.35312.102
MinimumVisualStudioVersion = 10.0.40219.1
Project("{FAE04EC0-301F-11D3-BF4B-00C04F79EFBC}") = "ConsoleApp129.Tests", "ConsoleApp129.Tests\ConsoleApp129.Tests.csproj", "{B1A3AF58-8105-49D7-BE2E-7F4241B4ABE9}"
EndProject
Global
	GlobalSection(SolutionConfigurationPlatforms) = preSolution
		Debug|Any CPU = Debug|Any CPU
		Release|Any CPU = Release|Any CPU
	EndGlobalSection
	GlobalSection(ProjectConfigurationPlatforms) = postSolution
		{B1A3AF58-8105-49D7-BE2E-7F4241B4ABE9}.Debug|Any CPU.ActiveCfg = Debug|Any CPU
		{B1A3AF58-8105-49D7-BE2E-7F4241B4ABE9}.Debug|Any CPU.Build.0 = Debug|Any CPU
		{B1A3AF58-8105-49D7-BE2E-7F4241B4ABE9}.Release|Any CPU.ActiveCfg = Release|Any CPU
		{B1A3AF58-8105-49D7-BE2E-7F4241B4ABE9}.Release|Any CPU.Build.0 = Release|Any CPU
	EndGlobalSection
	GlobalSection(SolutionProperties) = preSolution
		HideSolutionNode = FALSE
	EndGlobalSection
	GlobalSection(ExtensibilityGlobals) = postSolution
		SolutionGuid = {410A9BBD-F48A-489B-8633-1582A5BC13B2}
	EndGlobalSection
EndGlobal
